
Microsoft Visual Studio Solution File, Format Version 12.00
# Visual Studio Version 17
VisualStudioVersion = 17.6.33723.286
MinimumVisualStudioVersion = 10.0.40219.1
Project("{FAE04EC0-301F-11D3-BF4B-00C04F79EFBC}") = "WebApiForUnrealTest", "WebApiForUnrealTest\WebApiForUnrealTest.csproj", "{D1753B77-B3E6-436B-8DEC-9B591C06CFBE}"
EndProject
Global
	GlobalSection(SolutionConfigurationPlatforms) = preSolution
		Debug|Any CPU = Debug|Any CPU
		Release|Any CPU = Release|Any CPU
	EndGlobalSection
	GlobalSection(ProjectConfigurationPlatforms) = postSolution
		{D1753B77-B3E6-436B-8DEC-9B591C06CFBE}.Debug|Any CPU.ActiveCfg = Debug|Any CPU
		{D1753B77-B3E6-436B-8DEC-9B591C06CFBE}.Debug|Any CPU.Build.0 = Debug|Any CPU
		{D1753B77-B3E6-436B-8DEC-9B591C06CFBE}.Release|Any CPU.ActiveCfg = Release|Any CPU
		{D1753B77-B3E6-436B-8DEC-9B591C06CFBE}.Release|Any CPU.Build.0 = Release|Any CPU
	EndGlobalSection
	GlobalSection(SolutionProperties) = preSolution
		HideSolutionNode = FALSE
	EndGlobalSection
	GlobalSection(ExtensibilityGlobals) = postSolution
		SolutionGuid = {44A298A9-D968-4AFF-B722-9F57526EFA6F}
	EndGlobalSection
EndGlobal
